
Microsoft Visual Studio Solution File, Format Version 12.00
# Visual Studio Version 17
VisualStudioVersion = 17.7.34018.315
MinimumVisualStudioVersion = 10.0.40219.1
Project("{F184B08F-C81C-45F6-A57F-5ABD9991F28F}") = "ExamenFinal", "ExamenFinal\ExamenFinal.vbproj", "{FCEE12E7-3F25-4433-BCFB-C1FE2256E239}"
EndProject
Global
	GlobalSection(SolutionConfigurationPlatforms) = preSolution
		Debug|Any CPU = Debug|Any CPU
		Release|Any CPU = Release|Any CPU
	EndGlobalSection
	GlobalSection(ProjectConfigurationPlatforms) = postSolution
		{FCEE12E7-3F25-4433-BCFB-C1FE2256E239}.Debug|Any CPU.ActiveCfg = Debug|Any CPU
		{FCEE12E7-3F25-4433-BCFB-C1FE2256E239}.Debug|Any CPU.Build.0 = Debug|Any CPU
		{FCEE12E7-3F25-4433-BCFB-C1FE2256E239}.Release|Any CPU.ActiveCfg = Release|Any CPU
		{FCEE12E7-3F25-4433-BCFB-C1FE2256E239}.Release|Any CPU.Build.0 = Release|Any CPU
	EndGlobalSection
	GlobalSection(SolutionProperties) = preSolution
		HideSolutionNode = FALSE
	EndGlobalSection
	GlobalSection(ExtensibilityGlobals) = postSolution
		SolutionGuid = {AE8C4FD5-6460-47FB-AEED-4F41AE11484D}
	EndGlobalSection
EndGlobal
